// !$*UTF8*$!
{
	archiveVersion = 1;
	classes = {
	};
	objectVersion = 46;
	objects = {

/* Begin PBXBuildFile section */
		365FF5691B4EA643005161D6 /* main.m in Sources */ = {isa = PBXBuildFile; fileRef = 365FF5681B4EA643005161D6 /* main.m */; };
		365FF56C1B4EA643005161D6 /* AppDelegate.m in Sources */ = {isa = PBXBuildFile; fileRef = 365FF56B1B4EA643005161D6 /* AppDelegate.m */; };
		365FF56E1B4EA643005161D6 /* Images.xcassets in Resources */ = {isa = PBXBuildFile; fileRef = 365FF56D1B4EA643005161D6 /* Images.xcassets */; };
		365FF5711B4EA643005161D6 /* LaunchScreen.xib in Resources */ = {isa = PBXBuildFile; fileRef = 365FF56F1B4EA643005161D6 /* LaunchScreen.xib */; };
		365FF57D1B4EA643005161D6 /* GJCFFileUploadManagerTests.m in Sources */ = {isa = PBXBuildFile; fileRef = 365FF57C1B4EA643005161D6 /* GJCFFileUploadManagerTests.m */; };
		365FF5B61B4EA80C005161D6 /* TVGDebugConsoleViewController.m in Sources */ = {isa = PBXBuildFile; fileRef = 365FF5891B4EA80C005161D6 /* TVGDebugConsoleViewController.m */; };
		365FF5B71B4EA80C005161D6 /* TVGDebugConsoleViewController.m in Sources */ = {isa = PBXBuildFile; fileRef = 365FF5891B4EA80C005161D6 /* TVGDebugConsoleViewController.m */; };
		365FF5B81B4EA80C005161D6 /* TVGDebugLogger.m in Sources */ = {isa = PBXBuildFile; fileRef = 365FF58B1B4EA80C005161D6 /* TVGDebugLogger.m */; };
		365FF5B91B4EA80C005161D6 /* TVGDebugLogger.m in Sources */ = {isa = PBXBuildFile; fileRef = 365FF58B1B4EA80C005161D6 /* TVGDebugLogger.m */; };
		365FF5BA1B4EA80C005161D6 /* TVGDebugModel.m in Sources */ = {isa = PBXBuildFile; fileRef = 365FF58D1B4EA80C005161D6 /* TVGDebugModel.m */; };
		365FF5BB1B4EA80C005161D6 /* TVGDebugModel.m in Sources */ = {isa = PBXBuildFile; fileRef = 365FF58D1B4EA80C005161D6 /* TVGDebugModel.m */; };
		365FF5BC1B4EA80C005161D6 /* TVGDebugQuickUI.m in Sources */ = {isa = PBXBuildFile; fileRef = 365FF58F1B4EA80C005161D6 /* TVGDebugQuickUI.m */; };
		365FF5BD1B4EA80C005161D6 /* TVGDebugQuickUI.m in Sources */ = {isa = PBXBuildFile; fileRef = 365FF58F1B4EA80C005161D6 /* TVGDebugQuickUI.m */; };
		365FF5BE1B4EA80C005161D6 /* TVGDebugSectionInfo.m in Sources */ = {isa = PBXBuildFile; fileRef = 365FF5911B4EA80C005161D6 /* TVGDebugSectionInfo.m */; };
		365FF5BF1B4EA80C005161D6 /* TVGDebugSectionInfo.m in Sources */ = {isa = PBXBuildFile; fileRef = 365FF5911B4EA80C005161D6 /* TVGDebugSectionInfo.m */; };
		365FF5C01B4EA80C005161D6 /* TVGDebugViewController.m in Sources */ = {isa = PBXBuildFile; fileRef = 365FF5931B4EA80C005161D6 /* TVGDebugViewController.m */; };
		365FF5C11B4EA80C005161D6 /* TVGDebugViewController.m in Sources */ = {isa = PBXBuildFile; fileRef = 365FF5931B4EA80C005161D6 /* TVGDebugViewController.m */; };
		365FF5C21B4EA80C005161D6 /* GJCFCachePathManager.m in Sources */ = {isa = PBXBuildFile; fileRef = 365FF5961B4EA80C005161D6 /* GJCFCachePathManager.m */; };
		365FF5C31B4EA80C005161D6 /* GJCFCachePathManager.m in Sources */ = {isa = PBXBuildFile; fileRef = 365FF5961B4EA80C005161D6 /* GJCFCachePathManager.m */; };
		365FF5C41B4EA80C005161D6 /* GJCFDateUitil.m in Sources */ = {isa = PBXBuildFile; fileRef = 365FF59A1B4EA80C005161D6 /* GJCFDateUitil.m */; };
		365FF5C51B4EA80C005161D6 /* GJCFDateUitil.m in Sources */ = {isa = PBXBuildFile; fileRef = 365FF59A1B4EA80C005161D6 /* GJCFDateUitil.m */; };
		365FF5C61B4EA80C005161D6 /* GJCFDispatchCenterUitil.m in Sources */ = {isa = PBXBuildFile; fileRef = 365FF59F1B4EA80C005161D6 /* GJCFDispatchCenterUitil.m */; };
		365FF5C71B4EA80C005161D6 /* GJCFDispatchCenterUitil.m in Sources */ = {isa = PBXBuildFile; fileRef = 365FF59F1B4EA80C005161D6 /* GJCFDispatchCenterUitil.m */; };
		365FF5C81B4EA80C005161D6 /* GJCFQuickCacheUitil.m in Sources */ = {isa = PBXBuildFile; fileRef = 365FF5A61B4EA80C005161D6 /* GJCFQuickCacheUitil.m */; };
		365FF5C91B4EA80C005161D6 /* GJCFQuickCacheUitil.m in Sources */ = {isa = PBXBuildFile; fileRef = 365FF5A61B4EA80C005161D6 /* GJCFQuickCacheUitil.m */; };
		365FF5CA1B4EA80C005161D6 /* GJCFQuickUIUitil.m in Sources */ = {isa = PBXBuildFile; fileRef = 365FF5AA1B4EA80C005161D6 /* GJCFQuickUIUitil.m */; };
		365FF5CB1B4EA80C005161D6 /* GJCFQuickUIUitil.m in Sources */ = {isa = PBXBuildFile; fileRef = 365FF5AA1B4EA80C005161D6 /* GJCFQuickUIUitil.m */; };
		365FF5CC1B4EA80C005161D6 /* GJCFStringUitil.m in Sources */ = {isa = PBXBuildFile; fileRef = 365FF5AE1B4EA80C005161D6 /* GJCFStringUitil.m */; };
		365FF5CD1B4EA80C005161D6 /* GJCFStringUitil.m in Sources */ = {isa = PBXBuildFile; fileRef = 365FF5AE1B4EA80C005161D6 /* GJCFStringUitil.m */; };
		365FF5CE1B4EA80C005161D6 /* GJCFSystemUitil.m in Sources */ = {isa = PBXBuildFile; fileRef = 365FF5B21B4EA80C005161D6 /* GJCFSystemUitil.m */; };
		365FF5CF1B4EA80C005161D6 /* GJCFSystemUitil.m in Sources */ = {isa = PBXBuildFile; fileRef = 365FF5B21B4EA80C005161D6 /* GJCFSystemUitil.m */; };
		365FF5D01B4EA80C005161D6 /* UIView+GJCFViewFrameUitil.m in Sources */ = {isa = PBXBuildFile; fileRef = 365FF5B51B4EA80C005161D6 /* UIView+GJCFViewFrameUitil.m */; };
		365FF5D11B4EA80C005161D6 /* UIView+GJCFViewFrameUitil.m in Sources */ = {isa = PBXBuildFile; fileRef = 365FF5B51B4EA80C005161D6 /* UIView+GJCFViewFrameUitil.m */; };
		365FF5ED1B4EA963005161D6 /* GJCFFileUploadManager.m in Sources */ = {isa = PBXBuildFile; fileRef = 365FF5D61B4EA963005161D6 /* GJCFFileUploadManager.m */; };
		365FF5EE1B4EA963005161D6 /* GJCFFileUploadManager.m in Sources */ = {isa = PBXBuildFile; fileRef = 365FF5D61B4EA963005161D6 /* GJCFFileUploadManager.m */; };
		365FF5EF1B4EA963005161D6 /* GJCFFileUploadTask.m in Sources */ = {isa = PBXBuildFile; fileRef = 365FF5D81B4EA963005161D6 /* GJCFFileUploadTask.m */; };
		365FF5F01B4EA963005161D6 /* GJCFFileUploadTask.m in Sources */ = {isa = PBXBuildFile; fileRef = 365FF5D81B4EA963005161D6 /* GJCFFileUploadTask.m */; };
		365FF5F11B4EA963005161D6 /* GJCFUploadFileModel.m in Sources */ = {isa = PBXBuildFile; fileRef = 365FF5DA1B4EA963005161D6 /* GJCFUploadFileModel.m */; };
		365FF5F21B4EA963005161D6 /* GJCFUploadFileModel.m in Sources */ = {isa = PBXBuildFile; fileRef = 365FF5DA1B4EA963005161D6 /* GJCFUploadFileModel.m */; };
		365FF5FB1B4EA963005161D6 /* DAProgressOverlayView.m in Sources */ = {isa = PBXBuildFile; fileRef = 365FF5E61B4EA963005161D6 /* DAProgressOverlayView.m */; };
		365FF5FC1B4EA963005161D6 /* DAProgressOverlayView.m in Sources */ = {isa = PBXBuildFile; fileRef = 365FF5E61B4EA963005161D6 /* DAProgressOverlayView.m */; };
		365FF5FD1B4EA963005161D6 /* GJCFXXUploadImageViewController.m in Sources */ = {isa = PBXBuildFile; fileRef = 365FF5E81B4EA963005161D6 /* GJCFXXUploadImageViewController.m */; };
		365FF5FE1B4EA963005161D6 /* GJCFXXUploadImageViewController.m in Sources */ = {isa = PBXBuildFile; fileRef = 365FF5E81B4EA963005161D6 /* GJCFXXUploadImageViewController.m */; };
		365FF5FF1B4EA963005161D6 /* XXUploadInterfaceConstans.m in Sources */ = {isa = PBXBuildFile; fileRef = 365FF5EA1B4EA963005161D6 /* XXUploadInterfaceConstans.m */; };
		365FF6001B4EA963005161D6 /* XXUploadInterfaceConstans.m in Sources */ = {isa = PBXBuildFile; fileRef = 365FF5EA1B4EA963005161D6 /* XXUploadInterfaceConstans.m */; };
		365FF6151B4EA9A9005161D6 /* AFHTTPRequestOperation.m in Sources */ = {isa = PBXBuildFile; fileRef = 365FF6031B4EA9A9005161D6 /* AFHTTPRequestOperation.m */; };
		365FF6161B4EA9A9005161D6 /* AFHTTPRequestOperation.m in Sources */ = {isa = PBXBuildFile; fileRef = 365FF6031B4EA9A9005161D6 /* AFHTTPRequestOperation.m */; };
		365FF6171B4EA9A9005161D6 /* AFHTTPRequestOperationManager.m in Sources */ = {isa = PBXBuildFile; fileRef = 365FF6051B4EA9A9005161D6 /* AFHTTPRequestOperationManager.m */; };
		365FF6181B4EA9A9005161D6 /* AFHTTPRequestOperationManager.m in Sources */ = {isa = PBXBuildFile; fileRef = 365FF6051B4EA9A9005161D6 /* AFHTTPRequestOperationManager.m */; };
		365FF6191B4EA9A9005161D6 /* AFHTTPSessionManager.m in Sources */ = {isa = PBXBuildFile; fileRef = 365FF6071B4EA9A9005161D6 /* AFHTTPSessionManager.m */; };
		365FF61A1B4EA9A9005161D6 /* AFHTTPSessionManager.m in Sources */ = {isa = PBXBuildFile; fileRef = 365FF6071B4EA9A9005161D6 /* AFHTTPSessionManager.m */; };
		365FF61B1B4EA9A9005161D6 /* AFNetworkReachabilityManager.m in Sources */ = {isa = PBXBuildFile; fileRef = 365FF60A1B4EA9A9005161D6 /* AFNetworkReachabilityManager.m */; };
		365FF61C1B4EA9A9005161D6 /* AFNetworkReachabilityManager.m in Sources */ = {isa = PBXBuildFile; fileRef = 365FF60A1B4EA9A9005161D6 /* AFNetworkReachabilityManager.m */; };
		365FF61D1B4EA9A9005161D6 /* AFSecurityPolicy.m in Sources */ = {isa = PBXBuildFile; fileRef = 365FF60C1B4EA9A9005161D6 /* AFSecurityPolicy.m */; };
		365FF61E1B4EA9A9005161D6 /* AFSecurityPolicy.m in Sources */ = {isa = PBXBuildFile; fileRef = 365FF60C1B4EA9A9005161D6 /* AFSecurityPolicy.m */; };
		365FF61F1B4EA9A9005161D6 /* AFURLConnectionOperation.m in Sources */ = {isa = PBXBuildFile; fileRef = 365FF60E1B4EA9A9005161D6 /* AFURLConnectionOperation.m */; };
		365FF6201B4EA9A9005161D6 /* AFURLConnectionOperation.m in Sources */ = {isa = PBXBuildFile; fileRef = 365FF60E1B4EA9A9005161D6 /* AFURLConnectionOperation.m */; };
		365FF6211B4EA9A9005161D6 /* AFURLRequestSerialization.m in Sources */ = {isa = PBXBuildFile; fileRef = 365FF6101B4EA9A9005161D6 /* AFURLRequestSerialization.m */; };
		365FF6221B4EA9A9005161D6 /* AFURLRequestSerialization.m in Sources */ = {isa = PBXBuildFile; fileRef = 365FF6101B4EA9A9005161D6 /* AFURLRequestSerialization.m */; };
		365FF6231B4EA9A9005161D6 /* AFURLResponseSerialization.m in Sources */ = {isa = PBXBuildFile; fileRef = 365FF6121B4EA9A9005161D6 /* AFURLResponseSerialization.m */; };
		365FF6241B4EA9A9005161D6 /* AFURLResponseSerialization.m in Sources */ = {isa = PBXBuildFile; fileRef = 365FF6121B4EA9A9005161D6 /* AFURLResponseSerialization.m */; };
		365FF6251B4EA9A9005161D6 /* AFURLSessionManager.m in Sources */ = {isa = PBXBuildFile; fileRef = 365FF6141B4EA9A9005161D6 /* AFURLSessionManager.m */; };
		365FF6261B4EA9A9005161D6 /* AFURLSessionManager.m in Sources */ = {isa = PBXBuildFile; fileRef = 365FF6141B4EA9A9005161D6 /* AFURLSessionManager.m */; };
		365FF6531B4EAC60005161D6 /* GJCFAssetsPickerResourceBundle.bundle in Resources */ = {isa = PBXBuildFile; fileRef = 365FF62C1B4EAC60005161D6 /* GJCFAssetsPickerResourceBundle.bundle */; };
		365FF6541B4EAC60005161D6 /* GJCFAssetsPickerResourceBundle.bundle in Resources */ = {isa = PBXBuildFile; fileRef = 365FF62C1B4EAC60005161D6 /* GJCFAssetsPickerResourceBundle.bundle */; };
		365FF6551B4EAC60005161D6 /* GJCFAssetsPickerCommonStyleDescription.m in Sources */ = {isa = PBXBuildFile; fileRef = 365FF62F1B4EAC60005161D6 /* GJCFAssetsPickerCommonStyleDescription.m */; };
		365FF6561B4EAC60005161D6 /* GJCFAssetsPickerCommonStyleDescription.m in Sources */ = {isa = PBXBuildFile; fileRef = 365FF62F1B4EAC60005161D6 /* GJCFAssetsPickerCommonStyleDescription.m */; };
		365FF6571B4EAC60005161D6 /* GJCFAssetsPickerConstans.m in Sources */ = {isa = PBXBuildFile; fileRef = 365FF6311B4EAC60005161D6 /* GJCFAssetsPickerConstans.m */; };
		365FF6581B4EAC60005161D6 /* GJCFAssetsPickerConstans.m in Sources */ = {isa = PBXBuildFile; fileRef = 365FF6311B4EAC60005161D6 /* GJCFAssetsPickerConstans.m */; };
		365FF6591B4EAC60005161D6 /* GJCFAssetsPickerStyle.m in Sources */ = {isa = PBXBuildFile; fileRef = 365FF6331B4EAC60005161D6 /* GJCFAssetsPickerStyle.m */; };
		365FF65A1B4EAC60005161D6 /* GJCFAssetsPickerStyle.m in Sources */ = {isa = PBXBuildFile; fileRef = 365FF6331B4EAC60005161D6 /* GJCFAssetsPickerStyle.m */; };
		365FF65B1B4EAC60005161D6 /* UIButton+GJCFAssetsPickerStyle.m in Sources */ = {isa = PBXBuildFile; fileRef = 365FF6351B4EAC60005161D6 /* UIButton+GJCFAssetsPickerStyle.m */; };
		365FF65C1B4EAC60005161D6 /* UIButton+GJCFAssetsPickerStyle.m in Sources */ = {isa = PBXBuildFile; fileRef = 365FF6351B4EAC60005161D6 /* UIButton+GJCFAssetsPickerStyle.m */; };
		365FF65D1B4EAC60005161D6 /* UILabel+GJCFAssetsPickerStyle.m in Sources */ = {isa = PBXBuildFile; fileRef = 365FF6371B4EAC60005161D6 /* UILabel+GJCFAssetsPickerStyle.m */; };
		365FF65E1B4EAC60005161D6 /* UILabel+GJCFAssetsPickerStyle.m in Sources */ = {isa = PBXBuildFile; fileRef = 365FF6371B4EAC60005161D6 /* UILabel+GJCFAssetsPickerStyle.m */; };
		365FF65F1B4EAC60005161D6 /* GJCFAlbums.m in Sources */ = {isa = PBXBuildFile; fileRef = 365FF63A1B4EAC60005161D6 /* GJCFAlbums.m */; };
		365FF6601B4EAC60005161D6 /* GJCFAlbums.m in Sources */ = {isa = PBXBuildFile; fileRef = 365FF63A1B4EAC60005161D6 /* GJCFAlbums.m */; };
		365FF6611B4EAC60005161D6 /* GJCFAsset.m in Sources */ = {isa = PBXBuildFile; fileRef = 365FF63C1B4EAC60005161D6 /* GJCFAsset.m */; };
		365FF6621B4EAC60005161D6 /* GJCFAsset.m in Sources */ = {isa = PBXBuildFile; fileRef = 365FF63C1B4EAC60005161D6 /* GJCFAsset.m */; };
		365FF6631B4EAC60005161D6 /* GJCFAssetsPickerAlbumsCell.m in Sources */ = {isa = PBXBuildFile; fileRef = 365FF63E1B4EAC60005161D6 /* GJCFAssetsPickerAlbumsCell.m */; };
		365FF6641B4EAC60005161D6 /* GJCFAssetsPickerAlbumsCell.m in Sources */ = {isa = PBXBuildFile; fileRef = 365FF63E1B4EAC60005161D6 /* GJCFAssetsPickerAlbumsCell.m */; };
		365FF6651B4EAC60005161D6 /* GJCFAssetsPickerCell.m in Sources */ = {isa = PBXBuildFile; fileRef = 365FF6401B4EAC60005161D6 /* GJCFAssetsPickerCell.m */; };
		365FF6661B4EAC60005161D6 /* GJCFAssetsPickerCell.m in Sources */ = {isa = PBXBuildFile; fileRef = 365FF6401B4EAC60005161D6 /* GJCFAssetsPickerCell.m */; };
		365FF6671B4EAC60005161D6 /* GJCFAssetsPickerOverlayView.m in Sources */ = {isa = PBXBuildFile; fileRef = 365FF6421B4EAC60005161D6 /* GJCFAssetsPickerOverlayView.m */; };
		365FF6681B4EAC60005161D6 /* GJCFAssetsPickerOverlayView.m in Sources */ = {isa = PBXBuildFile; fileRef = 365FF6421B4EAC60005161D6 /* GJCFAssetsPickerOverlayView.m */; };
		365FF6691B4EAC60005161D6 /* GJCFAssetsPickerScrollView.m in Sources */ = {isa = PBXBuildFile; fileRef = 365FF6441B4EAC60005161D6 /* GJCFAssetsPickerScrollView.m */; };
		365FF66A1B4EAC60005161D6 /* GJCFAssetsPickerScrollView.m in Sources */ = {isa = PBXBuildFile; fileRef = 365FF6441B4EAC60005161D6 /* GJCFAssetsPickerScrollView.m */; };
		365FF66B1B4EAC60005161D6 /* GJCFAssetsView.m in Sources */ = {isa = PBXBuildFile; fileRef = 365FF6461B4EAC60005161D6 /* GJCFAssetsView.m */; };
		365FF66C1B4EAC60005161D6 /* GJCFAssetsView.m in Sources */ = {isa = PBXBuildFile; fileRef = 365FF6461B4EAC60005161D6 /* GJCFAssetsView.m */; };
		365FF66D1B4EAC60005161D6 /* GJCFAlbumsViewController.m in Sources */ = {isa = PBXBuildFile; fileRef = 365FF6491B4EAC60005161D6 /* GJCFAlbumsViewController.m */; };
		365FF66E1B4EAC60005161D6 /* GJCFAlbumsViewController.m in Sources */ = {isa = PBXBuildFile; fileRef = 365FF6491B4EAC60005161D6 /* GJCFAlbumsViewController.m */; };
		365FF66F1B4EAC60005161D6 /* GJCFAssetsPickerPreviewItemViewController.m in Sources */ = {isa = PBXBuildFile; fileRef = 365FF64B1B4EAC60005161D6 /* GJCFAssetsPickerPreviewItemViewController.m */; };
		365FF6701B4EAC60005161D6 /* GJCFAssetsPickerPreviewItemViewController.m in Sources */ = {isa = PBXBuildFile; fileRef = 365FF64B1B4EAC60005161D6 /* GJCFAssetsPickerPreviewItemViewController.m */; };
		365FF6711B4EAC60005161D6 /* GJCFAssetsPickerViewController.m in Sources */ = {isa = PBXBuildFile; fileRef = 365FF64D1B4EAC60005161D6 /* GJCFAssetsPickerViewController.m */; };
		365FF6721B4EAC60005161D6 /* GJCFAssetsPickerViewController.m in Sources */ = {isa = PBXBuildFile; fileRef = 365FF64D1B4EAC60005161D6 /* GJCFAssetsPickerViewController.m */; };
		365FF6731B4EAC60005161D6 /* GJCFAssetsPreviewController.m in Sources */ = {isa = PBXBuildFile; fileRef = 365FF6501B4EAC60005161D6 /* GJCFAssetsPreviewController.m */; };
		365FF6741B4EAC60005161D6 /* GJCFAssetsPreviewController.m in Sources */ = {isa = PBXBuildFile; fileRef = 365FF6501B4EAC60005161D6 /* GJCFAssetsPreviewController.m */; };
		365FF6751B4EAC60005161D6 /* GJCFPhotosViewController.m in Sources */ = {isa = PBXBuildFile; fileRef = 365FF6521B4EAC60005161D6 /* GJCFPhotosViewController.m */; };
		365FF6761B4EAC60005161D6 /* GJCFPhotosViewController.m in Sources */ = {isa = PBXBuildFile; fileRef = 365FF6521B4EAC60005161D6 /* GJCFPhotosViewController.m */; };
		365FF6781B4EAD37005161D6 /* AssetsLibrary.framework in Frameworks */ = {isa = PBXBuildFile; fileRef = 365FF6771B4EAD37005161D6 /* AssetsLibrary.framework */; };
/* End PBXBuildFile section */

/* Begin PBXContainerItemProxy section */
		365FF5771B4EA643005161D6 /* PBXContainerItemProxy */ = {
			isa = PBXContainerItemProxy;
			containerPortal = 365FF55B1B4EA643005161D6 /* Project object */;
			proxyType = 1;
			remoteGlobalIDString = 365FF5621B4EA643005161D6;
			remoteInfo = GJCFFileUploadManager;
		};
/* End PBXContainerItemProxy section */

/* Begin PBXFileReference section */
		365FF5631B4EA643005161D6 /* GJCFFileUploadManager.app */ = {isa = PBXFileReference; explicitFileType = wrapper.application; includeInIndex = 0; path = GJCFFileUploadManager.app; sourceTree = BUILT_PRODUCTS_DIR; };
		365FF5671B4EA643005161D6 /* Info.plist */ = {isa = PBXFileReference; lastKnownFileType = text.plist.xml; path = Info.plist; sourceTree = "<group>"; };
		365FF5681B4EA643005161D6 /* main.m */ = {isa = PBXFileReference; lastKnownFileType = sourcecode.c.objc; path = main.m; sourceTree = "<group>"; };
		365FF56A1B4EA643005161D6 /* AppDelegate.h */ = {isa = PBXFileReference; lastKnownFileType = sourcecode.c.h; path = AppDelegate.h; sourceTree = "<group>"; };
		365FF56B1B4EA643005161D6 /* AppDelegate.m */ = {isa = PBXFileReference; lastKnownFileType = sourcecode.c.objc; path = AppDelegate.m; sourceTree = "<group>"; };
		365FF56D1B4EA643005161D6 /* Images.xcassets */ = {isa = PBXFileReference; lastKnownFileType = folder.assetcatalog; path = Images.xcassets; sourceTree = "<group>"; };
		365FF5701B4EA643005161D6 /* Base */ = {isa = PBXFileReference; lastKnownFileType = file.xib; name = Base; path = Base.lproj/LaunchScreen.xib; sourceTree = "<group>"; };
		365FF5761B4EA643005161D6 /* GJCFFileUploadManagerTests.xctest */ = {isa = PBXFileReference; explicitFileType = wrapper.cfbundle; includeInIndex = 0; path = GJCFFileUploadManagerTests.xctest; sourceTree = BUILT_PRODUCTS_DIR; };
		365FF57B1B4EA643005161D6 /* Info.plist */ = {isa = PBXFileReference; lastKnownFileType = text.plist.xml; path = Info.plist; sourceTree = "<group>"; };
		365FF57C1B4EA643005161D6 /* GJCFFileUploadManagerTests.m */ = {isa = PBXFileReference; lastKnownFileType = sourcecode.c.objc; path = GJCFFileUploadManagerTests.m; sourceTree = "<group>"; };
		365FF5861B4EA685005161D6 /* GJCFFileUploadManager-PrefixHeader.pch */ = {isa = PBXFileReference; fileEncoding = 4; lastKnownFileType = sourcecode.c.h; path = "GJCFFileUploadManager-PrefixHeader.pch"; sourceTree = "<group>"; };
		365FF5881B4EA80C005161D6 /* TVGDebugConsoleViewController.h */ = {isa = PBXFileReference; fileEncoding = 4; lastKnownFileType = sourcecode.c.h; path = TVGDebugConsoleViewController.h; sourceTree = "<group>"; };
		365FF5891B4EA80C005161D6 /* TVGDebugConsoleViewController.m */ = {isa = PBXFileReference; fileEncoding = 4; lastKnownFileType = sourcecode.c.objc; path = TVGDebugConsoleViewController.m; sourceTree = "<group>"; };
		365FF58A1B4EA80C005161D6 /* TVGDebugLogger.h */ = {isa = PBXFileReference; fileEncoding = 4; lastKnownFileType = sourcecode.c.h; path = TVGDebugLogger.h; sourceTree = "<group>"; };
		365FF58B1B4EA80C005161D6 /* TVGDebugLogger.m */ = {isa = PBXFileReference; fileEncoding = 4; lastKnownFileType = sourcecode.c.objc; path = TVGDebugLogger.m; sourceTree = "<group>"; };
		365FF58C1B4EA80C005161D6 /* TVGDebugModel.h */ = {isa = PBXFileReference; fileEncoding = 4; lastKnownFileType = sourcecode.c.h; path = TVGDebugModel.h; sourceTree = "<group>"; };
		365FF58D1B4EA80C005161D6 /* TVGDebugModel.m */ = {isa = PBXFileReference; fileEncoding = 4; lastKnownFileType = sourcecode.c.objc; path = TVGDebugModel.m; sourceTree = "<group>"; };
		365FF58E1B4EA80C005161D6 /* TVGDebugQuickUI.h */ = {isa = PBXFileReference; fileEncoding = 4; lastKnownFileType = sourcecode.c.h; path = TVGDebugQuickUI.h; sourceTree = "<group>"; };
		365FF58F1B4EA80C005161D6 /* TVGDebugQuickUI.m */ = {isa = PBXFileReference; fileEncoding = 4; lastKnownFileType = sourcecode.c.objc; path = TVGDebugQuickUI.m; sourceTree = "<group>"; };
		365FF5901B4EA80C005161D6 /* TVGDebugSectionInfo.h */ = {isa = PBXFileReference; fileEncoding = 4; lastKnownFileType = sourcecode.c.h; path = TVGDebugSectionInfo.h; sourceTree = "<group>"; };
		365FF5911B4EA80C005161D6 /* TVGDebugSectionInfo.m */ = {isa = PBXFileReference; fileEncoding = 4; lastKnownFileType = sourcecode.c.objc; path = TVGDebugSectionInfo.m; sourceTree = "<group>"; };
		365FF5921B4EA80C005161D6 /* TVGDebugViewController.h */ = {isa = PBXFileReference; fileEncoding = 4; lastKnownFileType = sourcecode.c.h; path = TVGDebugViewController.h; sourceTree = "<group>"; };
		365FF5931B4EA80C005161D6 /* TVGDebugViewController.m */ = {isa = PBXFileReference; fileEncoding = 4; lastKnownFileType = sourcecode.c.objc; path = TVGDebugViewController.m; sourceTree = "<group>"; };
		365FF5951B4EA80C005161D6 /* GJCFCachePathManager.h */ = {isa = PBXFileReference; fileEncoding = 4; lastKnownFileType = sourcecode.c.h; path = GJCFCachePathManager.h; sourceTree = "<group>"; };
		365FF5961B4EA80C005161D6 /* GJCFCachePathManager.m */ = {isa = PBXFileReference; fileEncoding = 4; lastKnownFileType = sourcecode.c.objc; path = GJCFCachePathManager.m; sourceTree = "<group>"; };
		365FF5991B4EA80C005161D6 /* GJCFDateUitil.h */ = {isa = PBXFileReference; fileEncoding = 4; lastKnownFileType = sourcecode.c.h; path = GJCFDateUitil.h; sourceTree = "<group>"; };
		365FF59A1B4EA80C005161D6 /* GJCFDateUitil.m */ = {isa = PBXFileReference; fileEncoding = 4; lastKnownFileType = sourcecode.c.objc; path = GJCFDateUitil.m; sourceTree = "<group>"; };
		365FF59B1B4EA80C005161D6 /* GJCFDateUitilMacrocDefine.h */ = {isa = PBXFileReference; fileEncoding = 4; lastKnownFileType = sourcecode.c.h; path = GJCFDateUitilMacrocDefine.h; sourceTree = "<group>"; };
		365FF59E1B4EA80C005161D6 /* GJCFDispatchCenterUitil.h */ = {isa = PBXFileReference; fileEncoding = 4; lastKnownFileType = sourcecode.c.h; path = GJCFDispatchCenterUitil.h; sourceTree = "<group>"; };
		365FF59F1B4EA80C005161D6 /* GJCFDispatchCenterUitil.m */ = {isa = PBXFileReference; fileEncoding = 4; lastKnownFileType = sourcecode.c.objc; path = GJCFDispatchCenterUitil.m; sourceTree = "<group>"; };
		365FF5A01B4EA80C005161D6 /* GJCFDispatchMacrocDefine.h */ = {isa = PBXFileReference; fileEncoding = 4; lastKnownFileType = sourcecode.c.h; path = GJCFDispatchMacrocDefine.h; sourceTree = "<group>"; };
		365FF5A11B4EA80C005161D6 /* GJCFUitils.h */ = {isa = PBXFileReference; fileEncoding = 4; lastKnownFileType = sourcecode.c.h; path = GJCFUitils.h; sourceTree = "<group>"; };
		365FF5A41B4EA80C005161D6 /* GJCFQuickCacheMacrocDefine.h */ = {isa = PBXFileReference; fileEncoding = 4; lastKnownFileType = sourcecode.c.h; path = GJCFQuickCacheMacrocDefine.h; sourceTree = "<group>"; };
		365FF5A51B4EA80C005161D6 /* GJCFQuickCacheUitil.h */ = {isa = PBXFileReference; fileEncoding = 4; lastKnownFileType = sourcecode.c.h; path = GJCFQuickCacheUitil.h; sourceTree = "<group>"; };
		365FF5A61B4EA80C005161D6 /* GJCFQuickCacheUitil.m */ = {isa = PBXFileReference; fileEncoding = 4; lastKnownFileType = sourcecode.c.objc; path = GJCFQuickCacheUitil.m; sourceTree = "<group>"; };
		365FF5A81B4EA80C005161D6 /* GJCFQuickUIMacrocDefine.h */ = {isa = PBXFileReference; fileEncoding = 4; lastKnownFileType = sourcecode.c.h; path = GJCFQuickUIMacrocDefine.h; sourceTree = "<group>"; };
		365FF5A91B4EA80C005161D6 /* GJCFQuickUIUitil.h */ = {isa = PBXFileReference; fileEncoding = 4; lastKnownFileType = sourcecode.c.h; path = GJCFQuickUIUitil.h; sourceTree = "<group>"; };
		365FF5AA1B4EA80C005161D6 /* GJCFQuickUIUitil.m */ = {isa = PBXFileReference; fileEncoding = 4; lastKnownFileType = sourcecode.c.objc; path = GJCFQuickUIUitil.m; sourceTree = "<group>"; };
		365FF5AC1B4EA80C005161D6 /* GJCFStringMacrocDefine.h */ = {isa = PBXFileReference; fileEncoding = 4; lastKnownFileType = sourcecode.c.h; path = GJCFStringMacrocDefine.h; sourceTree = "<group>"; };
		365FF5AD1B4EA80C005161D6 /* GJCFStringUitil.h */ = {isa = PBXFileReference; fileEncoding = 4; lastKnownFileType = sourcecode.c.h; path = GJCFStringUitil.h; sourceTree = "<group>"; };
		365FF5AE1B4EA80C005161D6 /* GJCFStringUitil.m */ = {isa = PBXFileReference; fileEncoding = 4; lastKnownFileType = sourcecode.c.objc; path = GJCFStringUitil.m; sourceTree = "<group>"; };
		365FF5B01B4EA80C005161D6 /* GJCFSystemMacrocDefine.h */ = {isa = PBXFileReference; fileEncoding = 4; lastKnownFileType = sourcecode.c.h; path = GJCFSystemMacrocDefine.h; sourceTree = "<group>"; };
		365FF5B11B4EA80C005161D6 /* GJCFSystemUitil.h */ = {isa = PBXFileReference; fileEncoding = 4; lastKnownFileType = sourcecode.c.h; path = GJCFSystemUitil.h; sourceTree = "<group>"; };
		365FF5B21B4EA80C005161D6 /* GJCFSystemUitil.m */ = {isa = PBXFileReference; fileEncoding = 4; lastKnownFileType = sourcecode.c.objc; path = GJCFSystemUitil.m; sourceTree = "<group>"; };
		365FF5B41B4EA80C005161D6 /* UIView+GJCFViewFrameUitil.h */ = {isa = PBXFileReference; fileEncoding = 4; lastKnownFileType = sourcecode.c.h; path = "UIView+GJCFViewFrameUitil.h"; sourceTree = "<group>"; };
		365FF5B51B4EA80C005161D6 /* UIView+GJCFViewFrameUitil.m */ = {isa = PBXFileReference; fileEncoding = 4; lastKnownFileType = sourcecode.c.objc; path = "UIView+GJCFViewFrameUitil.m"; sourceTree = "<group>"; };
		365FF5D51B4EA963005161D6 /* GJCFFileUploadManager.h */ = {isa = PBXFileReference; fileEncoding = 4; lastKnownFileType = sourcecode.c.h; path = GJCFFileUploadManager.h; sourceTree = "<group>"; };
		365FF5D61B4EA963005161D6 /* GJCFFileUploadManager.m */ = {isa = PBXFileReference; fileEncoding = 4; lastKnownFileType = sourcecode.c.objc; path = GJCFFileUploadManager.m; sourceTree = "<group>"; };
		365FF5D71B4EA963005161D6 /* GJCFFileUploadTask.h */ = {isa = PBXFileReference; fileEncoding = 4; lastKnownFileType = sourcecode.c.h; path = GJCFFileUploadTask.h; sourceTree = "<group>"; };
		365FF5D81B4EA963005161D6 /* GJCFFileUploadTask.m */ = {isa = PBXFileReference; fileEncoding = 4; lastKnownFileType = sourcecode.c.objc; path = GJCFFileUploadTask.m; sourceTree = "<group>"; };
		365FF5D91B4EA963005161D6 /* GJCFUploadFileModel.h */ = {isa = PBXFileReference; fileEncoding = 4; lastKnownFileType = sourcecode.c.h; path = GJCFUploadFileModel.h; sourceTree = "<group>"; };
		365FF5DA1B4EA963005161D6 /* GJCFUploadFileModel.m */ = {isa = PBXFileReference; fileEncoding = 4; lastKnownFileType = sourcecode.c.objc; path = GJCFUploadFileModel.m; sourceTree = "<group>"; };
		365FF5E51B4EA963005161D6 /* DAProgressOverlayView.h */ = {isa = PBXFileReference; fileEncoding = 4; lastKnownFileType = sourcecode.c.h; path = DAProgressOverlayView.h; sourceTree = "<group>"; };
		365FF5E61B4EA963005161D6 /* DAProgressOverlayView.m */ = {isa = PBXFileReference; fileEncoding = 4; lastKnownFileType = sourcecode.c.objc; path = DAProgressOverlayView.m; sourceTree = "<group>"; };
		365FF5E71B4EA963005161D6 /* GJCFXXUploadImageViewController.h */ = {isa = PBXFileReference; fileEncoding = 4; lastKnownFileType = sourcecode.c.h; path = GJCFXXUploadImageViewController.h; sourceTree = "<group>"; };
		365FF5E81B4EA963005161D6 /* GJCFXXUploadImageViewController.m */ = {isa = PBXFileReference; fileEncoding = 4; lastKnownFileType = sourcecode.c.objc; path = GJCFXXUploadImageViewController.m; sourceTree = "<group>"; };
		365FF5E91B4EA963005161D6 /* XXUploadInterfaceConstans.h */ = {isa = PBXFileReference; fileEncoding = 4; lastKnownFileType = sourcecode.c.h; path = XXUploadInterfaceConstans.h; sourceTree = "<group>"; };
		365FF5EA1B4EA963005161D6 /* XXUploadInterfaceConstans.m */ = {isa = PBXFileReference; fileEncoding = 4; lastKnownFileType = sourcecode.c.objc; path = XXUploadInterfaceConstans.m; sourceTree = "<group>"; };
		365FF6021B4EA9A9005161D6 /* AFHTTPRequestOperation.h */ = {isa = PBXFileReference; fileEncoding = 4; lastKnownFileType = sourcecode.c.h; path = AFHTTPRequestOperation.h; sourceTree = "<group>"; };
		365FF6031B4EA9A9005161D6 /* AFHTTPRequestOperation.m */ = {isa = PBXFileReference; fileEncoding = 4; lastKnownFileType = sourcecode.c.objc; path = AFHTTPRequestOperation.m; sourceTree = "<group>"; };
		365FF6041B4EA9A9005161D6 /* AFHTTPRequestOperationManager.h */ = {isa = PBXFileReference; fileEncoding = 4; lastKnownFileType = sourcecode.c.h; path = AFHTTPRequestOperationManager.h; sourceTree = "<group>"; };
		365FF6051B4EA9A9005161D6 /* AFHTTPRequestOperationManager.m */ = {isa = PBXFileReference; fileEncoding = 4; lastKnownFileType = sourcecode.c.objc; path = AFHTTPRequestOperationManager.m; sourceTree = "<group>"; };
		365FF6061B4EA9A9005161D6 /* AFHTTPSessionManager.h */ = {isa = PBXFileReference; fileEncoding = 4; lastKnownFileType = sourcecode.c.h; path = AFHTTPSessionManager.h; sourceTree = "<group>"; };
		365FF6071B4EA9A9005161D6 /* AFHTTPSessionManager.m */ = {isa = PBXFileReference; fileEncoding = 4; lastKnownFileType = sourcecode.c.objc; path = AFHTTPSessionManager.m; sourceTree = "<group>"; };
		365FF6081B4EA9A9005161D6 /* AFNetworking.h */ = {isa = PBXFileReference; fileEncoding = 4; lastKnownFileType = sourcecode.c.h; path = AFNetworking.h; sourceTree = "<group>"; };
		365FF6091B4EA9A9005161D6 /* AFNetworkReachabilityManager.h */ = {isa = PBXFileReference; fileEncoding = 4; lastKnownFileType = sourcecode.c.h; path = AFNetworkReachabilityManager.h; sourceTree = "<group>"; };
		365FF60A1B4EA9A9005161D6 /* AFNetworkReachabilityManager.m */ = {isa = PBXFileReference; fileEncoding = 4; lastKnownFileType = sourcecode.c.objc; path = AFNetworkReachabilityManager.m; sourceTree = "<group>"; };
		365FF60B1B4EA9A9005161D6 /* AFSecurityPolicy.h */ = {isa = PBXFileReference; fileEncoding = 4; lastKnownFileType = sourcecode.c.h; path = AFSecurityPolicy.h; sourceTree = "<group>"; };
		365FF60C1B4EA9A9005161D6 /* AFSecurityPolicy.m */ = {isa = PBXFileReference; fileEncoding = 4; lastKnownFileType = sourcecode.c.objc; path = AFSecurityPolicy.m; sourceTree = "<group>"; };
		365FF60D1B4EA9A9005161D6 /* AFURLConnectionOperation.h */ = {isa = PBXFileReference; fileEncoding = 4; lastKnownFileType = sourcecode.c.h; path = AFURLConnectionOperation.h; sourceTree = "<group>"; };
		365FF60E1B4EA9A9005161D6 /* AFURLConnectionOperation.m */ = {isa = PBXFileReference; fileEncoding = 4; lastKnownFileType = sourcecode.c.objc; path = AFURLConnectionOperation.m; sourceTree = "<group>"; };
		365FF60F1B4EA9A9005161D6 /* AFURLRequestSerialization.h */ = {isa = PBXFileReference; fileEncoding = 4; lastKnownFileType = sourcecode.c.h; path = AFURLRequestSerialization.h; sourceTree = "<group>"; };
		365FF6101B4EA9A9005161D6 /* AFURLRequestSerialization.m */ = {isa = PBXFileReference; fileEncoding = 4; lastKnownFileType = sourcecode.c.objc; path = AFURLRequestSerialization.m; sourceTree = "<group>"; };
		365FF6111B4EA9A9005161D6 /* AFURLResponseSerialization.h */ = {isa = PBXFileReference; fileEncoding = 4; lastKnownFileType = sourcecode.c.h; path = AFURLResponseSerialization.h; sourceTree = "<group>"; };
		365FF6121B4EA9A9005161D6 /* AFURLResponseSerialization.m */ = {isa = PBXFileReference; fileEncoding = 4; lastKnownFileType = sourcecode.c.objc; path = AFURLResponseSerialization.m; sourceTree = "<group>"; };
		365FF6131B4EA9A9005161D6 /* AFURLSessionManager.h */ = {isa = PBXFileReference; fileEncoding = 4; lastKnownFileType = sourcecode.c.h; path = AFURLSessionManager.h; sourceTree = "<group>"; };
		365FF6141B4EA9A9005161D6 /* AFURLSessionManager.m */ = {isa = PBXFileReference; fileEncoding = 4; lastKnownFileType = sourcecode.c.objc; path = AFURLSessionManager.m; sourceTree = "<group>"; };
		365FF62C1B4EAC60005161D6 /* GJCFAssetsPickerResourceBundle.bundle */ = {isa = PBXFileReference; lastKnownFileType = "wrapper.plug-in"; path = GJCFAssetsPickerResourceBundle.bundle; sourceTree = "<group>"; };
		365FF62E1B4EAC60005161D6 /* GJCFAssetsPickerCommonStyleDescription.h */ = {isa = PBXFileReference; fileEncoding = 4; lastKnownFileType = sourcecode.c.h; path = GJCFAssetsPickerCommonStyleDescription.h; sourceTree = "<group>"; };
		365FF62F1B4EAC60005161D6 /* GJCFAssetsPickerCommonStyleDescription.m */ = {isa = PBXFileReference; fileEncoding = 4; lastKnownFileType = sourcecode.c.objc; path = GJCFAssetsPickerCommonStyleDescription.m; sourceTree = "<group>"; };
		365FF6301B4EAC60005161D6 /* GJCFAssetsPickerConstans.h */ = {isa = PBXFileReference; fileEncoding = 4; lastKnownFileType = sourcecode.c.h; path = GJCFAssetsPickerConstans.h; sourceTree = "<group>"; };
		365FF6311B4EAC60005161D6 /* GJCFAssetsPickerConstans.m */ = {isa = PBXFileReference; fileEncoding = 4; lastKnownFileType = sourcecode.c.objc; path = GJCFAssetsPickerConstans.m; sourceTree = "<group>"; };
		365FF6321B4EAC60005161D6 /* GJCFAssetsPickerStyle.h */ = {isa = PBXFileReference; fileEncoding = 4; lastKnownFileType = sourcecode.c.h; path = GJCFAssetsPickerStyle.h; sourceTree = "<group>"; };
		365FF6331B4EAC60005161D6 /* GJCFAssetsPickerStyle.m */ = {isa = PBXFileReference; fileEncoding = 4; lastKnownFileType = sourcecode.c.objc; path = GJCFAssetsPickerStyle.m; sourceTree = "<group>"; };
		365FF6341B4EAC60005161D6 /* UIButton+GJCFAssetsPickerStyle.h */ = {isa = PBXFileReference; fileEncoding = 4; lastKnownFileType = sourcecode.c.h; path = "UIButton+GJCFAssetsPickerStyle.h"; sourceTree = "<group>"; };
		365FF6351B4EAC60005161D6 /* UIButton+GJCFAssetsPickerStyle.m */ = {isa = PBXFileReference; fileEncoding = 4; lastKnownFileType = sourcecode.c.objc; path = "UIButton+GJCFAssetsPickerStyle.m"; sourceTree = "<group>"; };
		365FF6361B4EAC60005161D6 /* UILabel+GJCFAssetsPickerStyle.h */ = {isa = PBXFileReference; fileEncoding = 4; lastKnownFileType = sourcecode.c.h; path = "UILabel+GJCFAssetsPickerStyle.h"; sourceTree = "<group>"; };
		365FF6371B4EAC60005161D6 /* UILabel+GJCFAssetsPickerStyle.m */ = {isa = PBXFileReference; fileEncoding = 4; lastKnownFileType = sourcecode.c.objc; path = "UILabel+GJCFAssetsPickerStyle.m"; sourceTree = "<group>"; };
		365FF6391B4EAC60005161D6 /* GJCFAlbums.h */ = {isa = PBXFileReference; fileEncoding = 4; lastKnownFileType = sourcecode.c.h; path = GJCFAlbums.h; sourceTree = "<group>"; };
		365FF63A1B4EAC60005161D6 /* GJCFAlbums.m */ = {isa = PBXFileReference; fileEncoding = 4; lastKnownFileType = sourcecode.c.objc; path = GJCFAlbums.m; sourceTree = "<group>"; };
		365FF63B1B4EAC60005161D6 /* GJCFAsset.h */ = {isa = PBXFileReference; fileEncoding = 4; lastKnownFileType = sourcecode.c.h; path = GJCFAsset.h; sourceTree = "<group>"; };
		365FF63C1B4EAC60005161D6 /* GJCFAsset.m */ = {isa = PBXFileReference; fileEncoding = 4; lastKnownFileType = sourcecode.c.objc; path = GJCFAsset.m; sourceTree = "<group>"; };
		365FF63D1B4EAC60005161D6 /* GJCFAssetsPickerAlbumsCell.h */ = {isa = PBXFileReference; fileEncoding = 4; lastKnownFileType = sourcecode.c.h; path = GJCFAssetsPickerAlbumsCell.h; sourceTree = "<group>"; };
		365FF63E1B4EAC60005161D6 /* GJCFAssetsPickerAlbumsCell.m */ = {isa = PBXFileReference; fileEncoding = 4; lastKnownFileType = sourcecode.c.objc; path = GJCFAssetsPickerAlbumsCell.m; sourceTree = "<group>"; };
		365FF63F1B4EAC60005161D6 /* GJCFAssetsPickerCell.h */ = {isa = PBXFileReference; fileEncoding = 4; lastKnownFileType = sourcecode.c.h; path = GJCFAssetsPickerCell.h; sourceTree = "<group>"; };
		365FF6401B4EAC60005161D6 /* GJCFAssetsPickerCell.m */ = {isa = PBXFileReference; fileEncoding = 4; lastKnownFileType = sourcecode.c.objc; path = GJCFAssetsPickerCell.m; sourceTree = "<group>"; };
		365FF6411B4EAC60005161D6 /* GJCFAssetsPickerOverlayView.h */ = {isa = PBXFileReference; fileEncoding = 4; lastKnownFileType = sourcecode.c.h; path = GJCFAssetsPickerOverlayView.h; sourceTree = "<group>"; };
		365FF6421B4EAC60005161D6 /* GJCFAssetsPickerOverlayView.m */ = {isa = PBXFileReference; fileEncoding = 4; lastKnownFileType = sourcecode.c.objc; path = GJCFAssetsPickerOverlayView.m; sourceTree = "<group>"; };
		365FF6431B4EAC60005161D6 /* GJCFAssetsPickerScrollView.h */ = {isa = PBXFileReference; fileEncoding = 4; lastKnownFileType = sourcecode.c.h; path = GJCFAssetsPickerScrollView.h; sourceTree = "<group>"; };
		365FF6441B4EAC60005161D6 /* GJCFAssetsPickerScrollView.m */ = {isa = PBXFileReference; fileEncoding = 4; lastKnownFileType = sourcecode.c.objc; path = GJCFAssetsPickerScrollView.m; sourceTree = "<group>"; };
		365FF6451B4EAC60005161D6 /* GJCFAssetsView.h */ = {isa = PBXFileReference; fileEncoding = 4; lastKnownFileType = sourcecode.c.h; path = GJCFAssetsView.h; sourceTree = "<group>"; };
		365FF6461B4EAC60005161D6 /* GJCFAssetsView.m */ = {isa = PBXFileReference; fileEncoding = 4; lastKnownFileType = sourcecode.c.objc; path = GJCFAssetsView.m; sourceTree = "<group>"; };
		365FF6481B4EAC60005161D6 /* GJCFAlbumsViewController.h */ = {isa = PBXFileReference; fileEncoding = 4; lastKnownFileType = sourcecode.c.h; path = GJCFAlbumsViewController.h; sourceTree = "<group>"; };
		365FF6491B4EAC60005161D6 /* GJCFAlbumsViewController.m */ = {isa = PBXFileReference; fileEncoding = 4; lastKnownFileType = sourcecode.c.objc; path = GJCFAlbumsViewController.m; sourceTree = "<group>"; };
		365FF64A1B4EAC60005161D6 /* GJCFAssetsPickerPreviewItemViewController.h */ = {isa = PBXFileReference; fileEncoding = 4; lastKnownFileType = sourcecode.c.h; path = GJCFAssetsPickerPreviewItemViewController.h; sourceTree = "<group>"; };
		365FF64B1B4EAC60005161D6 /* GJCFAssetsPickerPreviewItemViewController.m */ = {isa = PBXFileReference; fileEncoding = 4; lastKnownFileType = sourcecode.c.objc; path = GJCFAssetsPickerPreviewItemViewController.m; sourceTree = "<group>"; };
		365FF64C1B4EAC60005161D6 /* GJCFAssetsPickerViewController.h */ = {isa = PBXFileReference; fileEncoding = 4; lastKnownFileType = sourcecode.c.h; path = GJCFAssetsPickerViewController.h; sourceTree = "<group>"; };
		365FF64D1B4EAC60005161D6 /* GJCFAssetsPickerViewController.m */ = {isa = PBXFileReference; fileEncoding = 4; lastKnownFileType = sourcecode.c.objc; path = GJCFAssetsPickerViewController.m; sourceTree = "<group>"; };
		365FF64E1B4EAC60005161D6 /* GJCFAssetsPickerViewControllerDelegate.h */ = {isa = PBXFileReference; fileEncoding = 4; lastKnownFileType = sourcecode.c.h; path = GJCFAssetsPickerViewControllerDelegate.h; sourceTree = "<group>"; };
		365FF64F1B4EAC60005161D6 /* GJCFAssetsPreviewController.h */ = {isa = PBXFileReference; fileEncoding = 4; lastKnownFileType = sourcecode.c.h; path = GJCFAssetsPreviewController.h; sourceTree = "<group>"; };
		365FF6501B4EAC60005161D6 /* GJCFAssetsPreviewController.m */ = {isa = PBXFileReference; fileEncoding = 4; lastKnownFileType = sourcecode.c.objc; path = GJCFAssetsPreviewController.m; sourceTree = "<group>"; };
		365FF6511B4EAC60005161D6 /* GJCFPhotosViewController.h */ = {isa = PBXFileReference; fileEncoding = 4; lastKnownFileType = sourcecode.c.h; path = GJCFPhotosViewController.h; sourceTree = "<group>"; };
		365FF6521B4EAC60005161D6 /* GJCFPhotosViewController.m */ = {isa = PBXFileReference; fileEncoding = 4; lastKnownFileType = sourcecode.c.objc; path = GJCFPhotosViewController.m; sourceTree = "<group>"; };
		365FF6771B4EAD37005161D6 /* AssetsLibrary.framework */ = {isa = PBXFileReference; lastKnownFileType = wrapper.framework; name = AssetsLibrary.framework; path = System/Library/Frameworks/AssetsLibrary.framework; sourceTree = SDKROOT; };
/* End PBXFileReference section */

/* Begin PBXFrameworksBuildPhase section */
		365FF5601B4EA643005161D6 /* Frameworks */ = {
			isa = PBXFrameworksBuildPhase;
			buildActionMask = 2147483647;
			files = (
				365FF6781B4EAD37005161D6 /* AssetsLibrary.framework in Frameworks */,
			);
			runOnlyForDeploymentPostprocessing = 0;
		};
		365FF5731B4EA643005161D6 /* Frameworks */ = {
			isa = PBXFrameworksBuildPhase;
			buildActionMask = 2147483647;
			files = (
			);
			runOnlyForDeploymentPostprocessing = 0;
		};
/* End PBXFrameworksBuildPhase section */

/* Begin PBXGroup section */
		365FF55A1B4EA643005161D6 = {
			isa = PBXGroup;
			children = (
				365FF6771B4EAD37005161D6 /* AssetsLibrary.framework */,
				365FF5651B4EA643005161D6 /* GJCFFileUploadManager */,
				365FF5791B4EA643005161D6 /* GJCFFileUploadManagerTests */,
				365FF5641B4EA643005161D6 /* Products */,
			);
			sourceTree = "<group>";
		};
		365FF5641B4EA643005161D6 /* Products */ = {
			isa = PBXGroup;
			children = (
				365FF5631B4EA643005161D6 /* GJCFFileUploadManager.app */,
				365FF5761B4EA643005161D6 /* GJCFFileUploadManagerTests.xctest */,
			);
			name = Products;
			sourceTree = "<group>";
		};
		365FF5651B4EA643005161D6 /* GJCFFileUploadManager */ = {
			isa = PBXGroup;
			children = (
				365FF5D21B4EA963005161D6 /* FileUploadManager */,
				365FF5E41B4EA963005161D6 /* XXImageUploadDemo */,
				365FF5871B4EA80C005161D6 /* Debug */,
				365FF5941B4EA80C005161D6 /* Dependcy */,
				365FF56A1B4EA643005161D6 /* AppDelegate.h */,
				365FF56B1B4EA643005161D6 /* AppDelegate.m */,
				365FF56D1B4EA643005161D6 /* Images.xcassets */,
				365FF56F1B4EA643005161D6 /* LaunchScreen.xib */,
				365FF5661B4EA643005161D6 /* Supporting Files */,
			);
			path = GJCFFileUploadManager;
			sourceTree = "<group>";
		};
		365FF5661B4EA643005161D6 /* Supporting Files */ = {
			isa = PBXGroup;
			children = (
				365FF5671B4EA643005161D6 /* Info.plist */,
				365FF5681B4EA643005161D6 /* main.m */,
				365FF5861B4EA685005161D6 /* GJCFFileUploadManager-PrefixHeader.pch */,
			);
			name = "Supporting Files";
			sourceTree = "<group>";
		};
		365FF5791B4EA643005161D6 /* GJCFFileUploadManagerTests */ = {
			isa = PBXGroup;
			children = (
				365FF57C1B4EA643005161D6 /* GJCFFileUploadManagerTests.m */,
				365FF57A1B4EA643005161D6 /* Supporting Files */,
			);
			path = GJCFFileUploadManagerTests;
			sourceTree = "<group>";
		};
		365FF57A1B4EA643005161D6 /* Supporting Files */ = {
			isa = PBXGroup;
			children = (
				365FF57B1B4EA643005161D6 /* Info.plist */,
			);
			name = "Supporting Files";
			sourceTree = "<group>";
		};
		365FF5871B4EA80C005161D6 /* Debug */ = {
			isa = PBXGroup;
			children = (
				365FF5881B4EA80C005161D6 /* TVGDebugConsoleViewController.h */,
				365FF5891B4EA80C005161D6 /* TVGDebugConsoleViewController.m */,
				365FF58A1B4EA80C005161D6 /* TVGDebugLogger.h */,
				365FF58B1B4EA80C005161D6 /* TVGDebugLogger.m */,
				365FF58C1B4EA80C005161D6 /* TVGDebugModel.h */,
				365FF58D1B4EA80C005161D6 /* TVGDebugModel.m */,
				365FF58E1B4EA80C005161D6 /* TVGDebugQuickUI.h */,
				365FF58F1B4EA80C005161D6 /* TVGDebugQuickUI.m */,
				365FF5901B4EA80C005161D6 /* TVGDebugSectionInfo.h */,
				365FF5911B4EA80C005161D6 /* TVGDebugSectionInfo.m */,
				365FF5921B4EA80C005161D6 /* TVGDebugViewController.h */,
				365FF5931B4EA80C005161D6 /* TVGDebugViewController.m */,
			);
			path = Debug;
			sourceTree = "<group>";
		};
		365FF5941B4EA80C005161D6 /* Dependcy */ = {
			isa = PBXGroup;
			children = (
				365FF62B1B4EAC60005161D6 /* GJCFAssetsPicker */,
				365FF6011B4EA9A9005161D6 /* AFNetworking */,
				365FF5951B4EA80C005161D6 /* GJCFCachePathManager.h */,
				365FF5961B4EA80C005161D6 /* GJCFCachePathManager.m */,
				365FF5971B4EA80C005161D6 /* GJCFUitils */,
			);
			path = Dependcy;
			sourceTree = "<group>";
		};
		365FF5971B4EA80C005161D6 /* GJCFUitils */ = {
			isa = PBXGroup;
			children = (
				365FF5981B4EA80C005161D6 /* DateUitil */,
				365FF59C1B4EA80C005161D6 /* DeviceInfoUitil */,
				365FF59D1B4EA80C005161D6 /* DispatchCenterUitil */,
				365FF5A11B4EA80C005161D6 /* GJCFUitils.h */,
				365FF5A21B4EA80C005161D6 /* KeychainUitil */,
				365FF5A31B4EA80C005161D6 /* QuickCacheUitil */,
				365FF5A71B4EA80C005161D6 /* QuickUIUitil */,
				365FF5AB1B4EA80C005161D6 /* StringUitil */,
				365FF5AF1B4EA80C005161D6 /* SystemUitil */,
				365FF5B31B4EA80C005161D6 /* UitilCategory */,
			);
			path = GJCFUitils;
			sourceTree = "<group>";
		};
		365FF5981B4EA80C005161D6 /* DateUitil */ = {
			isa = PBXGroup;
			children = (
				365FF5991B4EA80C005161D6 /* GJCFDateUitil.h */,
				365FF59A1B4EA80C005161D6 /* GJCFDateUitil.m */,
				365FF59B1B4EA80C005161D6 /* GJCFDateUitilMacrocDefine.h */,
			);
			path = DateUitil;
			sourceTree = "<group>";
		};
		365FF59C1B4EA80C005161D6 /* DeviceInfoUitil */ = {
			isa = PBXGroup;
			children = (
			);
			path = DeviceInfoUitil;
			sourceTree = "<group>";
		};
		365FF59D1B4EA80C005161D6 /* DispatchCenterUitil */ = {
			isa = PBXGroup;
			children = (
				365FF59E1B4EA80C005161D6 /* GJCFDispatchCenterUitil.h */,
				365FF59F1B4EA80C005161D6 /* GJCFDispatchCenterUitil.m */,
				365FF5A01B4EA80C005161D6 /* GJCFDispatchMacrocDefine.h */,
			);
			path = DispatchCenterUitil;
			sourceTree = "<group>";
		};
		365FF5A21B4EA80C005161D6 /* KeychainUitil */ = {
			isa = PBXGroup;
			children = (
			);
			path = KeychainUitil;
			sourceTree = "<group>";
		};
		365FF5A31B4EA80C005161D6 /* QuickCacheUitil */ = {
			isa = PBXGroup;
			children = (
				365FF5A41B4EA80C005161D6 /* GJCFQuickCacheMacrocDefine.h */,
				365FF5A51B4EA80C005161D6 /* GJCFQuickCacheUitil.h */,
				365FF5A61B4EA80C005161D6 /* GJCFQuickCacheUitil.m */,
			);
			path = QuickCacheUitil;
			sourceTree = "<group>";
		};
		365FF5A71B4EA80C005161D6 /* QuickUIUitil */ = {
			isa = PBXGroup;
			children = (
				365FF5A81B4EA80C005161D6 /* GJCFQuickUIMacrocDefine.h */,
				365FF5A91B4EA80C005161D6 /* GJCFQuickUIUitil.h */,
				365FF5AA1B4EA80C005161D6 /* GJCFQuickUIUitil.m */,
			);
			path = QuickUIUitil;
			sourceTree = "<group>";
		};
		365FF5AB1B4EA80C005161D6 /* StringUitil */ = {
			isa = PBXGroup;
			children = (
				365FF5AC1B4EA80C005161D6 /* GJCFStringMacrocDefine.h */,
				365FF5AD1B4EA80C005161D6 /* GJCFStringUitil.h */,
				365FF5AE1B4EA80C005161D6 /* GJCFStringUitil.m */,
			);
			path = StringUitil;
			sourceTree = "<group>";
		};
		365FF5AF1B4EA80C005161D6 /* SystemUitil */ = {
			isa = PBXGroup;
			children = (
				365FF5B01B4EA80C005161D6 /* GJCFSystemMacrocDefine.h */,
				365FF5B11B4EA80C005161D6 /* GJCFSystemUitil.h */,
				365FF5B21B4EA80C005161D6 /* GJCFSystemUitil.m */,
			);
			path = SystemUitil;
			sourceTree = "<group>";
		};
		365FF5B31B4EA80C005161D6 /* UitilCategory */ = {
			isa = PBXGroup;
			children = (
				365FF5B41B4EA80C005161D6 /* UIView+GJCFViewFrameUitil.h */,
				365FF5B51B4EA80C005161D6 /* UIView+GJCFViewFrameUitil.m */,
			);
			path = UitilCategory;
			sourceTree = "<group>";
		};
		365FF5D21B4EA963005161D6 /* FileUploadManager */ = {
			isa = PBXGroup;
			children = (
				365FF5D51B4EA963005161D6 /* GJCFFileUploadManager.h */,
				365FF5D61B4EA963005161D6 /* GJCFFileUploadManager.m */,
				365FF5D71B4EA963005161D6 /* GJCFFileUploadTask.h */,
				365FF5D81B4EA963005161D6 /* GJCFFileUploadTask.m */,
				365FF5D91B4EA963005161D6 /* GJCFUploadFileModel.h */,
				365FF5DA1B4EA963005161D6 /* GJCFUploadFileModel.m */,
			);
			path = FileUploadManager;
			sourceTree = "<group>";
		};
		365FF5E41B4EA963005161D6 /* XXImageUploadDemo */ = {
			isa = PBXGroup;
			children = (
				365FF5E51B4EA963005161D6 /* DAProgressOverlayView.h */,
				365FF5E61B4EA963005161D6 /* DAProgressOverlayView.m */,
				365FF5E71B4EA963005161D6 /* GJCFXXUploadImageViewController.h */,
				365FF5E81B4EA963005161D6 /* GJCFXXUploadImageViewController.m */,
				365FF5E91B4EA963005161D6 /* XXUploadInterfaceConstans.h */,
				365FF5EA1B4EA963005161D6 /* XXUploadInterfaceConstans.m */,
			);
			path = XXImageUploadDemo;
			sourceTree = "<group>";
		};
		365FF6011B4EA9A9005161D6 /* AFNetworking */ = {
			isa = PBXGroup;
			children = (
				365FF6021B4EA9A9005161D6 /* AFHTTPRequestOperation.h */,
				365FF6031B4EA9A9005161D6 /* AFHTTPRequestOperation.m */,
				365FF6041B4EA9A9005161D6 /* AFHTTPRequestOperationManager.h */,
				365FF6051B4EA9A9005161D6 /* AFHTTPRequestOperationManager.m */,
				365FF6061B4EA9A9005161D6 /* AFHTTPSessionManager.h */,
				365FF6071B4EA9A9005161D6 /* AFHTTPSessionManager.m */,
				365FF6081B4EA9A9005161D6 /* AFNetworking.h */,
				365FF6091B4EA9A9005161D6 /* AFNetworkReachabilityManager.h */,
				365FF60A1B4EA9A9005161D6 /* AFNetworkReachabilityManager.m */,
				365FF60B1B4EA9A9005161D6 /* AFSecurityPolicy.h */,
				365FF60C1B4EA9A9005161D6 /* AFSecurityPolicy.m */,
				365FF60D1B4EA9A9005161D6 /* AFURLConnectionOperation.h */,
				365FF60E1B4EA9A9005161D6 /* AFURLConnectionOperation.m */,
				365FF60F1B4EA9A9005161D6 /* AFURLRequestSerialization.h */,
				365FF6101B4EA9A9005161D6 /* AFURLRequestSerialization.m */,
				365FF6111B4EA9A9005161D6 /* AFURLResponseSerialization.h */,
				365FF6121B4EA9A9005161D6 /* AFURLResponseSerialization.m */,
				365FF6131B4EA9A9005161D6 /* AFURLSessionManager.h */,
				365FF6141B4EA9A9005161D6 /* AFURLSessionManager.m */,
			);
			path = AFNetworking;
			sourceTree = "<group>";
		};
		365FF62B1B4EAC60005161D6 /* GJCFAssetsPicker */ = {
			isa = PBXGroup;
			children = (
				365FF62C1B4EAC60005161D6 /* GJCFAssetsPickerResourceBundle.bundle */,
				365FF62D1B4EAC60005161D6 /* Uitil */,
				365FF6381B4EAC60005161D6 /* View */,
				365FF6471B4EAC60005161D6 /* ViewController */,
			);
			path = GJCFAssetsPicker;
			sourceTree = "<group>";
		};
		365FF62D1B4EAC60005161D6 /* Uitil */ = {
			isa = PBXGroup;
			children = (
				365FF62E1B4EAC60005161D6 /* GJCFAssetsPickerCommonStyleDescription.h */,
				365FF62F1B4EAC60005161D6 /* GJCFAssetsPickerCommonStyleDescription.m */,
				365FF6301B4EAC60005161D6 /* GJCFAssetsPickerConstans.h */,
				365FF6311B4EAC60005161D6 /* GJCFAssetsPickerConstans.m */,
				365FF6321B4EAC60005161D6 /* GJCFAssetsPickerStyle.h */,
				365FF6331B4EAC60005161D6 /* GJCFAssetsPickerStyle.m */,
				365FF6341B4EAC60005161D6 /* UIButton+GJCFAssetsPickerStyle.h */,
				365FF6351B4EAC60005161D6 /* UIButton+GJCFAssetsPickerStyle.m */,
				365FF6361B4EAC60005161D6 /* UILabel+GJCFAssetsPickerStyle.h */,
				365FF6371B4EAC60005161D6 /* UILabel+GJCFAssetsPickerStyle.m */,
			);
			path = Uitil;
			sourceTree = "<group>";
		};
		365FF6381B4EAC60005161D6 /* View */ = {
			isa = PBXGroup;
			children = (
				365FF6391B4EAC60005161D6 /* GJCFAlbums.h */,
				365FF63A1B4EAC60005161D6 /* GJCFAlbums.m */,
				365FF63B1B4EAC60005161D6 /* GJCFAsset.h */,
				365FF63C1B4EAC60005161D6 /* GJCFAsset.m */,
				365FF63D1B4EAC60005161D6 /* GJCFAssetsPickerAlbumsCell.h */,
				365FF63E1B4EAC60005161D6 /* GJCFAssetsPickerAlbumsCell.m */,
				365FF63F1B4EAC60005161D6 /* GJCFAssetsPickerCell.h */,
				365FF6401B4EAC60005161D6 /* GJCFAssetsPickerCell.m */,
				365FF6411B4EAC60005161D6 /* GJCFAssetsPickerOverlayView.h */,
				365FF6421B4EAC60005161D6 /* GJCFAssetsPickerOverlayView.m */,
				365FF6431B4EAC60005161D6 /* GJCFAssetsPickerScrollView.h */,
				365FF6441B4EAC60005161D6 /* GJCFAssetsPickerScrollView.m */,
				365FF6451B4EAC60005161D6 /* GJCFAssetsView.h */,
				365FF6461B4EAC60005161D6 /* GJCFAssetsView.m */,
			);
			path = View;
			sourceTree = "<group>";
		};
		365FF6471B4EAC60005161D6 /* ViewController */ = {
			isa = PBXGroup;
			children = (
				365FF6481B4EAC60005161D6 /* GJCFAlbumsViewController.h */,
				365FF6491B4EAC60005161D6 /* GJCFAlbumsViewController.m */,
				365FF64A1B4EAC60005161D6 /* GJCFAssetsPickerPreviewItemViewController.h */,
				365FF64B1B4EAC60005161D6 /* GJCFAssetsPickerPreviewItemViewController.m */,
				365FF64C1B4EAC60005161D6 /* GJCFAssetsPickerViewController.h */,
				365FF64D1B4EAC60005161D6 /* GJCFAssetsPickerViewController.m */,
				365FF64E1B4EAC60005161D6 /* GJCFAssetsPickerViewControllerDelegate.h */,
				365FF64F1B4EAC60005161D6 /* GJCFAssetsPreviewController.h */,
				365FF6501B4EAC60005161D6 /* GJCFAssetsPreviewController.m */,
				365FF6511B4EAC60005161D6 /* GJCFPhotosViewController.h */,
				365FF6521B4EAC60005161D6 /* GJCFPhotosViewController.m */,
			);
			path = ViewController;
			sourceTree = "<group>";
		};
/* End PBXGroup section */

/* Begin PBXNativeTarget section */
		365FF5621B4EA643005161D6 /* GJCFFileUploadManager */ = {
			isa = PBXNativeTarget;
			buildConfigurationList = 365FF5801B4EA643005161D6 /* Build configuration list for PBXNativeTarget "GJCFFileUploadManager" */;
			buildPhases = (
				365FF55F1B4EA643005161D6 /* Sources */,
				365FF5601B4EA643005161D6 /* Frameworks */,
				365FF5611B4EA643005161D6 /* Resources */,
			);
			buildRules = (
			);
			dependencies = (
			);
			name = GJCFFileUploadManager;
			productName = GJCFFileUploadManager;
			productReference = 365FF5631B4EA643005161D6 /* GJCFFileUploadManager.app */;
			productType = "com.apple.product-type.application";
		};
		365FF5751B4EA643005161D6 /* GJCFFileUploadManagerTests */ = {
			isa = PBXNativeTarget;
			buildConfigurationList = 365FF5831B4EA643005161D6 /* Build configuration list for PBXNativeTarget "GJCFFileUploadManagerTests" */;
			buildPhases = (
				365FF5721B4EA643005161D6 /* Sources */,
				365FF5731B4EA643005161D6 /* Frameworks */,
				365FF5741B4EA643005161D6 /* Resources */,
			);
			buildRules = (
			);
			dependencies = (
				365FF5781B4EA643005161D6 /* PBXTargetDependency */,
			);
			name = GJCFFileUploadManagerTests;
			productName = GJCFFileUploadManagerTests;
			productReference = 365FF5761B4EA643005161D6 /* GJCFFileUploadManagerTests.xctest */;
			productType = "com.apple.product-type.bundle.unit-test";
		};
/* End PBXNativeTarget section */

/* Begin PBXProject section */
		365FF55B1B4EA643005161D6 /* Project object */ = {
			isa = PBXProject;
			attributes = {
				LastUpgradeCheck = 0610;
				ORGANIZATIONNAME = ZYProSoft;
				TargetAttributes = {
					365FF5621B4EA643005161D6 = {
						CreatedOnToolsVersion = 6.1;
					};
					365FF5751B4EA643005161D6 = {
						CreatedOnToolsVersion = 6.1;
						TestTargetID = 365FF5621B4EA643005161D6;
					};
				};
			};
			buildConfigurationList = 365FF55E1B4EA643005161D6 /* Build configuration list for PBXProject "GJCFFileUploadManager" */;
			compatibilityVersion = "Xcode 3.2";
			developmentRegion = English;
			hasScannedForEncodings = 0;
			knownRegions = (
				en,
				Base,
			);
			mainGroup = 365FF55A1B4EA643005161D6;
			productRefGroup = 365FF5641B4EA643005161D6 /* Products */;
			projectDirPath = "";
			projectRoot = "";
			targets = (
				365FF5621B4EA643005161D6 /* GJCFFileUploadManager */,
				365FF5751B4EA643005161D6 /* GJCFFileUploadManagerTests */,
			);
		};
/* End PBXProject section */

/* Begin PBXResourcesBuildPhase section */
		365FF5611B4EA643005161D6 /* Resources */ = {
			isa = PBXResourcesBuildPhase;
			buildActionMask = 2147483647;
			files = (
				365FF5711B4EA643005161D6 /* LaunchScreen.xib in Resources */,
				365FF6531B4EAC60005161D6 /* GJCFAssetsPickerResourceBundle.bundle in Resources */,
				365FF56E1B4EA643005161D6 /* Images.xcassets in Resources */,
			);
			runOnlyForDeploymentPostprocessing = 0;
		};
		365FF5741B4EA643005161D6 /* Resources */ = {
			isa = PBXResourcesBuildPhase;
			buildActionMask = 2147483647;
			files = (
				365FF6541B4EAC60005161D6 /* GJCFAssetsPickerResourceBundle.bundle in Resources */,
			);
			runOnlyForDeploymentPostprocessing = 0;
		};
/* End PBXResourcesBuildPhase section */

/* Begin PBXSourcesBuildPhase section */
		365FF55F1B4EA643005161D6 /* Sources */ = {
			isa = PBXSourcesBuildPhase;
			buildActionMask = 2147483647;
			files = (
				365FF61D1B4EA9A9005161D6 /* AFSecurityPolicy.m in Sources */,
				365FF65D1B4EAC60005161D6 /* UILabel+GJCFAssetsPickerStyle.m in Sources */,
				365FF65F1B4EAC60005161D6 /* GJCFAlbums.m in Sources */,
				365FF6631B4EAC60005161D6 /* GJCFAssetsPickerAlbumsCell.m in Sources */,
				365FF5FD1B4EA963005161D6 /* GJCFXXUploadImageViewController.m in Sources */,
				365FF6591B4EAC60005161D6 /* GJCFAssetsPickerStyle.m in Sources */,
				365FF5BA1B4EA80C005161D6 /* TVGDebugModel.m in Sources */,
				365FF66B1B4EAC60005161D6 /* GJCFAssetsView.m in Sources */,
				365FF5D01B4EA80C005161D6 /* UIView+GJCFViewFrameUitil.m in Sources */,
				365FF6711B4EAC60005161D6 /* GJCFAssetsPickerViewController.m in Sources */,
				365FF6751B4EAC60005161D6 /* GJCFPhotosViewController.m in Sources */,
				365FF61F1B4EA9A9005161D6 /* AFURLConnectionOperation.m in Sources */,
				365FF5EF1B4EA963005161D6 /* GJCFFileUploadTask.m in Sources */,
				365FF5F11B4EA963005161D6 /* GJCFUploadFileModel.m in Sources */,
				365FF65B1B4EAC60005161D6 /* UIButton+GJCFAssetsPickerStyle.m in Sources */,
				365FF5C41B4EA80C005161D6 /* GJCFDateUitil.m in Sources */,
				365FF66F1B4EAC60005161D6 /* GJCFAssetsPickerPreviewItemViewController.m in Sources */,
				365FF6251B4EA9A9005161D6 /* AFURLSessionManager.m in Sources */,
				365FF5C21B4EA80C005161D6 /* GJCFCachePathManager.m in Sources */,
				365FF66D1B4EAC60005161D6 /* GJCFAlbumsViewController.m in Sources */,
				365FF6611B4EAC60005161D6 /* GJCFAsset.m in Sources */,
				365FF6571B4EAC60005161D6 /* GJCFAssetsPickerConstans.m in Sources */,
				365FF6671B4EAC60005161D6 /* GJCFAssetsPickerOverlayView.m in Sources */,
				365FF5B61B4EA80C005161D6 /* TVGDebugConsoleViewController.m in Sources */,
				365FF5C01B4EA80C005161D6 /* TVGDebugViewController.m in Sources */,
				365FF5FF1B4EA963005161D6 /* XXUploadInterfaceConstans.m in Sources */,
				365FF56C1B4EA643005161D6 /* AppDelegate.m in Sources */,
				365FF6231B4EA9A9005161D6 /* AFURLResponseSerialization.m in Sources */,
				365FF6171B4EA9A9005161D6 /* AFHTTPRequestOperationManager.m in Sources */,
				365FF6731B4EAC60005161D6 /* GJCFAssetsPreviewController.m in Sources */,
				365FF6151B4EA9A9005161D6 /* AFHTTPRequestOperation.m in Sources */,
				365FF5CA1B4EA80C005161D6 /* GJCFQuickUIUitil.m in Sources */,
				365FF6691B4EAC60005161D6 /* GJCFAssetsPickerScrollView.m in Sources */,
				365FF5CE1B4EA80C005161D6 /* GJCFSystemUitil.m in Sources */,
				365FF5ED1B4EA963005161D6 /* GJCFFileUploadManager.m in Sources */,
				365FF5691B4EA643005161D6 /* main.m in Sources */,
				365FF6651B4EAC60005161D6 /* GJCFAssetsPickerCell.m in Sources */,
				365FF5CC1B4EA80C005161D6 /* GJCFStringUitil.m in Sources */,
				365FF61B1B4EA9A9005161D6 /* AFNetworkReachabilityManager.m in Sources */,
				365FF5BE1B4EA80C005161D6 /* TVGDebugSectionInfo.m in Sources */,
				365FF5B81B4EA80C005161D6 /* TVGDebugLogger.m in Sources */,
				365FF5C61B4EA80C005161D6 /* GJCFDispatchCenterUitil.m in Sources */,
				365FF6551B4EAC60005161D6 /* GJCFAssetsPickerCommonStyleDescription.m in Sources */,
				365FF5C81B4EA80C005161D6 /* GJCFQuickCacheUitil.m in Sources */,
				365FF5FB1B4EA963005161D6 /* DAProgressOverlayView.m in Sources */,
				365FF6211B4EA9A9005161D6 /* AFURLRequestSerialization.m in Sources */,
				365FF5BC1B4EA80C005161D6 /* TVGDebugQuickUI.m in Sources */,
				365FF6191B4EA9A9005161D6 /* AFHTTPSessionManager.m in Sources */,
			);
			runOnlyForDeploymentPostprocessing = 0;
		};
		365FF5721B4EA643005161D6 /* Sources */ = {
			isa = PBXSourcesBuildPhase;
			buildActionMask = 2147483647;
			files = (
				365FF65C1B4EAC60005161D6 /* UIButton+GJCFAssetsPickerStyle.m in Sources */,
				365FF6761B4EAC60005161D6 /* GJCFPhotosViewController.m in Sources */,
				365FF6201B4EA9A9005161D6 /* AFURLConnectionOperation.m in Sources */,
				365FF5C91B4EA80C005161D6 /* GJCFQuickCacheUitil.m in Sources */,
				365FF5FC1B4EA963005161D6 /* DAProgressOverlayView.m in Sources */,
				365FF6561B4EAC60005161D6 /* GJCFAssetsPickerCommonStyleDescription.m in Sources */,
				365FF66E1B4EAC60005161D6 /* GJCFAlbumsViewController.m in Sources */,
				365FF6721B4EAC60005161D6 /* GJCFAssetsPickerViewController.m in Sources */,
				365FF6161B4EA9A9005161D6 /* AFHTTPRequestOperation.m in Sources */,
				365FF6641B4EAC60005161D6 /* GJCFAssetsPickerAlbumsCell.m in Sources */,
				365FF6241B4EA9A9005161D6 /* AFURLResponseSerialization.m in Sources */,
				365FF5CB1B4EA80C005161D6 /* GJCFQuickUIUitil.m in Sources */,
				365FF6741B4EAC60005161D6 /* GJCFAssetsPreviewController.m in Sources */,
				365FF5B71B4EA80C005161D6 /* TVGDebugConsoleViewController.m in Sources */,
				365FF65E1B4EAC60005161D6 /* UILabel+GJCFAssetsPickerStyle.m in Sources */,
				365FF5CD1B4EA80C005161D6 /* GJCFStringUitil.m in Sources */,
				365FF6601B4EAC60005161D6 /* GJCFAlbums.m in Sources */,
				365FF5D11B4EA80C005161D6 /* UIView+GJCFViewFrameUitil.m in Sources */,
				365FF65A1B4EAC60005161D6 /* GJCFAssetsPickerStyle.m in Sources */,
				365FF5CF1B4EA80C005161D6 /* GJCFSystemUitil.m in Sources */,
				365FF57D1B4EA643005161D6 /* GJCFFileUploadManagerTests.m in Sources */,
				365FF66A1B4EAC60005161D6 /* GJCFAssetsPickerScrollView.m in Sources */,
				365FF61E1B4EA9A9005161D6 /* AFSecurityPolicy.m in Sources */,
				365FF6261B4EA9A9005161D6 /* AFURLSessionManager.m in Sources */,
				365FF5FE1B4EA963005161D6 /* GJCFXXUploadImageViewController.m in Sources */,
				365FF6701B4EAC60005161D6 /* GJCFAssetsPickerPreviewItemViewController.m in Sources */,
				365FF5C71B4EA80C005161D6 /* GJCFDispatchCenterUitil.m in Sources */,
				365FF66C1B4EAC60005161D6 /* GJCFAssetsView.m in Sources */,
				365FF61A1B4EA9A9005161D6 /* AFHTTPSessionManager.m in Sources */,
				365FF5C11B4EA80C005161D6 /* TVGDebugViewController.m in Sources */,
				365FF61C1B4EA9A9005161D6 /* AFNetworkReachabilityManager.m in Sources */,
				365FF5BD1B4EA80C005161D6 /* TVGDebugQuickUI.m in Sources */,
				365FF6661B4EAC60005161D6 /* GJCFAssetsPickerCell.m in Sources */,
				365FF6181B4EA9A9005161D6 /* AFHTTPRequestOperationManager.m in Sources */,
				365FF6221B4EA9A9005161D6 /* AFURLRequestSerialization.m in Sources */,
				365FF6001B4EA963005161D6 /* XXUploadInterfaceConstans.m in Sources */,
				365FF6581B4EAC60005161D6 /* GJCFAssetsPickerConstans.m in Sources */,
				365FF5B91B4EA80C005161D6 /* TVGDebugLogger.m in Sources */,
				365FF5BB1B4EA80C005161D6 /* TVGDebugModel.m in Sources */,
				365FF5EE1B4EA963005161D6 /* GJCFFileUploadManager.m in Sources */,
				365FF5F21B4EA963005161D6 /* GJCFUploadFileModel.m in Sources */,
				365FF6681B4EAC60005161D6 /* GJCFAssetsPickerOverlayView.m in Sources */,
				365FF5C51B4EA80C005161D6 /* GJCFDateUitil.m in Sources */,
				365FF5BF1B4EA80C005161D6 /* TVGDebugSectionInfo.m in Sources */,
				365FF6621B4EAC60005161D6 /* GJCFAsset.m in Sources */,
				365FF5C31B4EA80C005161D6 /* GJCFCachePathManager.m in Sources */,
				365FF5F01B4EA963005161D6 /* GJCFFileUploadTask.m in Sources */,
			);
			runOnlyForDeploymentPostprocessing = 0;
		};
/* End PBXSourcesBuildPhase section */

/* Begin PBXTargetDependency section */
		365FF5781B4EA643005161D6 /* PBXTargetDependency */ = {
			isa = PBXTargetDependency;
			target = 365FF5621B4EA643005161D6 /* GJCFFileUploadManager */;
			targetProxy = 365FF5771B4EA643005161D6 /* PBXContainerItemProxy */;
		};
/* End PBXTargetDependency section */

/* Begin PBXVariantGroup section */
		365FF56F1B4EA643005161D6 /* LaunchScreen.xib */ = {
			isa = PBXVariantGroup;
			children = (
				365FF5701B4EA643005161D6 /* Base */,
			);
			name = LaunchScreen.xib;
			sourceTree = "<group>";
		};
/* End PBXVariantGroup section */

/* Begin XCBuildConfiguration section */
		365FF57E1B4EA643005161D6 /* Debug */ = {
			isa = XCBuildConfiguration;
			buildSettings = {
				ALWAYS_SEARCH_USER_PATHS = NO;
				CLANG_CXX_LANGUAGE_STANDARD = "gnu++0x";
				CLANG_CXX_LIBRARY = "libc++";
				CLANG_ENABLE_MODULES = YES;
				CLANG_ENABLE_OBJC_ARC = YES;
				CLANG_WARN_BOOL_CONVERSION = YES;
				CLANG_WARN_CONSTANT_CONVERSION = YES;
				CLANG_WARN_DIRECT_OBJC_ISA_USAGE = YES_ERROR;
				CLANG_WARN_EMPTY_BODY = YES;
				CLANG_WARN_ENUM_CONVERSION = YES;
				CLANG_WARN_INT_CONVERSION = YES;
				CLANG_WARN_OBJC_ROOT_CLASS = YES_ERROR;
				CLANG_WARN_UNREACHABLE_CODE = YES;
				CLANG_WARN__DUPLICATE_METHOD_MATCH = YES;
				"CODE_SIGN_IDENTITY[sdk=iphoneos*]" = "iPhone Developer";
				COPY_PHASE_STRIP = NO;
				ENABLE_STRICT_OBJC_MSGSEND = YES;
				GCC_C_LANGUAGE_STANDARD = gnu99;
				GCC_DYNAMIC_NO_PIC = NO;
				GCC_OPTIMIZATION_LEVEL = 0;
				GCC_PREFIX_HEADER = "$(SRCROOT)/GJCFFileUploadManager/GJCFFileUploadManager-PrefixHeader.pch";
				GCC_PREPROCESSOR_DEFINITIONS = (
					"DEBUG=1",
					"$(inherited)",
				);
				GCC_SYMBOLS_PRIVATE_EXTERN = NO;
				GCC_WARN_64_TO_32_BIT_CONVERSION = YES;
				GCC_WARN_ABOUT_RETURN_TYPE = YES_ERROR;
				GCC_WARN_UNDECLARED_SELECTOR = YES;
				GCC_WARN_UNINITIALIZED_AUTOS = YES_AGGRESSIVE;
				GCC_WARN_UNUSED_FUNCTION = YES;
				GCC_WARN_UNUSED_VARIABLE = YES;
				IPHONEOS_DEPLOYMENT_TARGET = 6.0;
				MTL_ENABLE_DEBUG_INFO = YES;
				ONLY_ACTIVE_ARCH = YES;
				SDKROOT = iphoneos;
			};
			name = Debug;
		};
		365FF57F1B4EA643005161D6 /* Release */ = {
			isa = XCBuildConfiguration;
			buildSettings = {
				ALWAYS_SEARCH_USER_PATHS = NO;
				CLANG_CXX_LANGUAGE_STANDARD = "gnu++0x";
				CLANG_CXX_LIBRARY = "libc++";
				CLANG_ENABLE_MODULES = YES;
				CLANG_ENABLE_OBJC_ARC = YES;
				CLANG_WARN_BOOL_CONVERSION = YES;
				CLANG_WARN_CONSTANT_CONVERSION = YES;
				CLANG_WARN_DIRECT_OBJC_ISA_USAGE = YES_ERROR;
				CLANG_WARN_EMPTY_BODY = YES;
				CLANG_WARN_ENUM_CONVERSION = YES;
				CLANG_WARN_INT_CONVERSION = YES;
				CLANG_WARN_OBJC_ROOT_CLASS = YES_ERROR;
				CLANG_WARN_UNREACHABLE_CODE = YES;
				CLANG_WARN__DUPLICATE_METHOD_MATCH = YES;
				"CODE_SIGN_IDENTITY[sdk=iphoneos*]" = "iPhone Developer";
				COPY_PHASE_STRIP = YES;
				ENABLE_NS_ASSERTIONS = NO;
				ENABLE_STRICT_OBJC_MSGSEND = YES;
				GCC_C_LANGUAGE_STANDARD = gnu99;
				GCC_PREFIX_HEADER = "$(SRCROOT)/GJCFFileUploadManager/GJCFFileUploadManager-PrefixHeader.pch";
				GCC_WARN_64_TO_32_BIT_CONVERSION = YES;
				GCC_WARN_ABOUT_RETURN_TYPE = YES_ERROR;
				GCC_WARN_UNDECLARED_SELECTOR = YES;
				GCC_WARN_UNINITIALIZED_AUTOS = YES_AGGRESSIVE;
				GCC_WARN_UNUSED_FUNCTION = YES;
				GCC_WARN_UNUSED_VARIABLE = YES;
				IPHONEOS_DEPLOYMENT_TARGET = 6.0;
				MTL_ENABLE_DEBUG_INFO = NO;
				SDKROOT = iphoneos;
				VALIDATE_PRODUCT = YES;
			};
			name = Release;
		};
		365FF5811B4EA643005161D6 /* Debug */ = {
			isa = XCBuildConfiguration;
			buildSettings = {
				ASSETCATALOG_COMPILER_APPICON_NAME = AppIcon;
				INFOPLIST_FILE = GJCFFileUploadManager/Info.plist;
				LD_RUNPATH_SEARCH_PATHS = "$(inherited) @executable_path/Frameworks";
				PRODUCT_NAME = "$(TARGET_NAME)";
			};
			name = Debug;
		};
		365FF5821B4EA643005161D6 /* Release */ = {
			isa = XCBuildConfiguration;
			buildSettings = {
				ASSETCATALOG_COMPILER_APPICON_NAME = AppIcon;
				INFOPLIST_FILE = GJCFFileUploadManager/Info.plist;
				LD_RUNPATH_SEARCH_PATHS = "$(inherited) @executable_path/Frameworks";
				PRODUCT_NAME = "$(TARGET_NAME)";
			};
			name = Release;
		};
		365FF5841B4EA643005161D6 /* Debug */ = {
			isa = XCBuildConfiguration;
			buildSettings = {
				BUNDLE_LOADER = "$(TEST_HOST)";
				FRAMEWORK_SEARCH_PATHS = (
					"$(SDKROOT)/Developer/Library/Frameworks",
					"$(inherited)",
				);
				GCC_PREPROCESSOR_DEFINITIONS = (
					"DEBUG=1",
					"$(inherited)",
				);
				INFOPLIST_FILE = GJCFFileUploadManagerTests/Info.plist;
				LD_RUNPATH_SEARCH_PATHS = "$(inherited) @executable_path/Frameworks @loader_path/Frameworks";
				PRODUCT_NAME = "$(TARGET_NAME)";
				TEST_HOST = "$(BUILT_PRODUCTS_DIR)/GJCFFileUploadManager.app/GJCFFileUploadManager";
			};
			name = Debug;
		};
		365FF5851B4EA643005161D6 /* Release */ = {
			isa = XCBuildConfiguration;
			buildSettings = {
				BUNDLE_LOADER = "$(TEST_HOST)";
				FRAMEWORK_SEARCH_PATHS = (
					"$(SDKROOT)/Developer/Library/Frameworks",
					"$(inherited)",
				);
				INFOPLIST_FILE = GJCFFileUploadManagerTests/Info.plist;
				LD_RUNPATH_SEARCH_PATHS = "$(inherited) @executable_path/Frameworks @loader_path/Frameworks";
				PRODUCT_NAME = "$(TARGET_NAME)";
				TEST_HOST = "$(BUILT_PRODUCTS_DIR)/GJCFFileUploadManager.app/GJCFFileUploadManager";
			};
			name = Release;
		};
/* End XCBuildConfiguration section */

/* Begin XCConfigurationList section */
		365FF55E1B4EA643005161D6 /* Build configuration list for PBXProject "GJCFFileUploadManager" */ = {
			isa = XCConfigurationList;
			buildConfigurations = (
				365FF57E1B4EA643005161D6 /* Debug */,
				365FF57F1B4EA643005161D6 /* Release */,
			);
			defaultConfigurationIsVisible = 0;
			defaultConfigurationName = Release;
		};
		365FF5801B4EA643005161D6 /* Build configuration list for PBXNativeTarget "GJCFFileUploadManager" */ = {
			isa = XCConfigurationList;
			buildConfigurations = (
				365FF5811B4EA643005161D6 /* Debug */,
				365FF5821B4EA643005161D6 /* Release */,
			);
			defaultConfigurationIsVisible = 0;
		};
		365FF5831B4EA643005161D6 /* Build configuration list for PBXNativeTarget "GJCFFileUploadManagerTests" */ = {
			isa = XCConfigurationList;
			buildConfigurations = (
				365FF5841B4EA643005161D6 /* Debug */,
				365FF5851B4EA643005161D6 /* Release */,
			);
			defaultConfigurationIsVisible = 0;
		};
/* End XCConfigurationList section */
	};
	rootObject = 365FF55B1B4EA643005161D6 /* Project object */;
}
